
Microsoft Visual Studio Solution File, Format Version 12.00
# Visual Studio Version 16
VisualStudioVersion = 16.0.30523.141
MinimumVisualStudioVersion = 10.0.40219.1
Project("{9A19103F-16F7-4668-BE54-9A1E7A4F7556}") = "MyFirstAppCSharp", "MyFirstAppCSharp\MyFirstAppCSharp.csproj", "{6F38FCDE-F2E9-46BE-A124-859D1A319626}"
EndProject
Project("{9A19103F-16F7-4668-BE54-9A1E7A4F7556}") = "MyFirstAppCSharp.Tests", "MyFirstAppCSharp.Tests\MyFirstAppCSharp.Tests.csproj", "{CBC61C69-8CD7-40CC-8A24-95E98E3A3029}"
EndProject
Project("{9A19103F-16F7-4668-BE54-9A1E7A4F7556}") = "MyFirstAppCSharp.Data", "MyFirstAppCSharp.Data\MyFirstAppCSharp.Data.csproj", "{F3970341-E6E0-4BAC-8A11-51D771F3680A}"
EndProject
Project("{9A19103F-16F7-4668-BE54-9A1E7A4F7556}") = "MyFirstAppCSharp.Data.Tests", "MyFirstAppCSharp.Data.Tests\MyFirstAppCSharp.Data.Tests.csproj", "{46DE238B-059E-4918-8056-FF87C541EE12}"
EndProject
Project("{FAE04EC0-301F-11D3-BF4B-00C04F79EFBC}") = "MyFirstAppCSharp.Query", "MyFirstAppCSharp.Query\MyFirstAppCSharp.Query.csproj", "{7A52F315-01CE-4E17-AA27-0ABA3B2D7E82}"
EndProject
Project("{FAE04EC0-301F-11D3-BF4B-00C04F79EFBC}") = "MyFirstAppCSharp.Query.Tests", "MyFirstAppCSharp.Query.Tests\MyFirstAppCSharp.Query.Tests.csproj", "{DFA31DDC-6A92-4F65-89DC-9C28F7EDC679}"
EndProject
Global
	GlobalSection(SolutionConfigurationPlatforms) = preSolution
		Debug|Any CPU = Debug|Any CPU
		Release|Any CPU = Release|Any CPU
	EndGlobalSection
	GlobalSection(ProjectConfigurationPlatforms) = postSolution
		{6F38FCDE-F2E9-46BE-A124-859D1A319626}.Debug|Any CPU.ActiveCfg = Debug|Any CPU
		{6F38FCDE-F2E9-46BE-A124-859D1A319626}.Debug|Any CPU.Build.0 = Debug|Any CPU
		{6F38FCDE-F2E9-46BE-A124-859D1A319626}.Release|Any CPU.ActiveCfg = Release|Any CPU
		{6F38FCDE-F2E9-46BE-A124-859D1A319626}.Release|Any CPU.Build.0 = Release|Any CPU
		{CBC61C69-8CD7-40CC-8A24-95E98E3A3029}.Debug|Any CPU.ActiveCfg = Debug|Any CPU
		{CBC61C69-8CD7-40CC-8A24-95E98E3A3029}.Debug|Any CPU.Build.0 = Debug|Any CPU
		{CBC61C69-8CD7-40CC-8A24-95E98E3A3029}.Release|Any CPU.ActiveCfg = Release|Any CPU
		{CBC61C69-8CD7-40CC-8A24-95E98E3A3029}.Release|Any CPU.Build.0 = Release|Any CPU
		{F3970341-E6E0-4BAC-8A11-51D771F3680A}.Debug|Any CPU.ActiveCfg = Debug|Any CPU
		{F3970341-E6E0-4BAC-8A11-51D771F3680A}.Debug|Any CPU.Build.0 = Debug|Any CPU
		{F3970341-E6E0-4BAC-8A11-51D771F3680A}.Release|Any CPU.ActiveCfg = Release|Any CPU
		{F3970341-E6E0-4BAC-8A11-51D771F3680A}.Release|Any CPU.Build.0 = Release|Any CPU
		{46DE238B-059E-4918-8056-FF87C541EE12}.Debug|Any CPU.ActiveCfg = Debug|Any CPU
		{46DE238B-059E-4918-8056-FF87C541EE12}.Debug|Any CPU.Build.0 = Debug|Any CPU
		{46DE238B-059E-4918-8056-FF87C541EE12}.Release|Any CPU.ActiveCfg = Release|Any CPU
		{46DE238B-059E-4918-8056-FF87C541EE12}.Release|Any CPU.Build.0 = Release|Any CPU
		{7A52F315-01CE-4E17-AA27-0ABA3B2D7E82}.Debug|Any CPU.ActiveCfg = Debug|Any CPU
		{7A52F315-01CE-4E17-AA27-0ABA3B2D7E82}.Debug|Any CPU.Build.0 = Debug|Any CPU
		{7A52F315-01CE-4E17-AA27-0ABA3B2D7E82}.Release|Any CPU.ActiveCfg = Release|Any CPU
		{7A52F315-01CE-4E17-AA27-0ABA3B2D7E82}.Release|Any CPU.Build.0 = Release|Any CPU
		{DFA31DDC-6A92-4F65-89DC-9C28F7EDC679}.Debug|Any CPU.ActiveCfg = Debug|Any CPU
		{DFA31DDC-6A92-4F65-89DC-9C28F7EDC679}.Debug|Any CPU.Build.0 = Debug|Any CPU
		{DFA31DDC-6A92-4F65-89DC-9C28F7EDC679}.Release|Any CPU.ActiveCfg = Release|Any CPU
		{DFA31DDC-6A92-4F65-89DC-9C28F7EDC679}.Release|Any CPU.Build.0 = Release|Any CPU
	EndGlobalSection
	GlobalSection(SolutionProperties) = preSolution
		HideSolutionNode = FALSE
	EndGlobalSection
	GlobalSection(ExtensibilityGlobals) = postSolution
		SolutionGuid = {A5972F88-1C93-4754-91AC-4979440387F0}
	EndGlobalSection
EndGlobal
